
Microsoft Visual Studio Solution File, Format Version 12.00
# Visual Studio 15
Project("{FAE04EC0-301F-11D3-BF4B-00C04F79EFBC}") = "Taxameter", "Taxameter\Taxameter.csproj", "{73301EDD-9B00-4AEE-B1BE-B2D969D9972A}"
EndProject
Global
	GlobalSection(SolutionConfigurationPlatforms) = preSolution
		Debug|Any CPU = Debug|Any CPU
		Release|Any CPU = Release|Any CPU
	EndGlobalSection
	GlobalSection(ProjectConfigurationPlatforms) = postSolution
		{73301EDD-9B00-4AEE-B1BE-B2D969D9972A}.Debug|Any CPU.ActiveCfg = Debug|Any CPU
		{73301EDD-9B00-4AEE-B1BE-B2D969D9972A}.Debug|Any CPU.Build.0 = Debug|Any CPU
		{73301EDD-9B00-4AEE-B1BE-B2D969D9972A}.Release|Any CPU.ActiveCfg = Release|Any CPU
		{73301EDD-9B00-4AEE-B1BE-B2D969D9972A}.Release|Any CPU.Build.0 = Release|Any CPU
	EndGlobalSection
EndGlobal
